// !$*UTF8*$!
{
	archiveVersion = 1;
	classes = {
	};
	objectVersion = 56;
	objects = {

/* Begin PBXBuildFile section */
		2882D2742CADD0B900D3F88E /* AppDelegate.swift in Sources */ = {isa = PBXBuildFile; fileRef = 2882D2732CADD0B900D3F88E /* AppDelegate.swift */; };
		2882D2762CADD0B900D3F88E /* SceneDelegate.swift in Sources */ = {isa = PBXBuildFile; fileRef = 2882D2752CADD0B900D3F88E /* SceneDelegate.swift */; };
		2882D2782CADD0B900D3F88E /* ViewController.swift in Sources */ = {isa = PBXBuildFile; fileRef = 2882D2772CADD0B900D3F88E /* ViewController.swift */; };
		2882D27D2CADD0C000D3F88E /* Assets.xcassets in Resources */ = {isa = PBXBuildFile; fileRef = 2882D27C2CADD0C000D3F88E /* Assets.xcassets */; };
		2882D2802CADD0C000D3F88E /* Base in Resources */ = {isa = PBXBuildFile; fileRef = 2882D27F2CADD0C000D3F88E /* Base */; };
		2882D28B2CADD0C100D3F88E /* AdviceAppTests.swift in Sources */ = {isa = PBXBuildFile; fileRef = 2882D28A2CADD0C100D3F88E /* AdviceAppTests.swift */; };
		2882D2952CADD0C100D3F88E /* AdviceAppUITests.swift in Sources */ = {isa = PBXBuildFile; fileRef = 2882D2942CADD0C100D3F88E /* AdviceAppUITests.swift */; };
		2882D2972CADD0C100D3F88E /* AdviceAppUITestsLaunchTests.swift in Sources */ = {isa = PBXBuildFile; fileRef = 2882D2962CADD0C100D3F88E /* AdviceAppUITestsLaunchTests.swift */; };
		2891138D2CB6FD1200B89F0A /* AdviceProtocols.swift in Sources */ = {isa = PBXBuildFile; fileRef = 2891138C2CB6FD1200B89F0A /* AdviceProtocols.swift */; };
		289113902CB7042E00B89F0A /* AdvicePresenter.swift in Sources */ = {isa = PBXBuildFile; fileRef = 2891138F2CB7042E00B89F0A /* AdvicePresenter.swift */; };
		289C91172CC1755600E7F6E4 /* AdviceInteractor.swift in Sources */ = {isa = PBXBuildFile; fileRef = 289C91162CC1755600E7F6E4 /* AdviceInteractor.swift */; };
/* End PBXBuildFile section */

/* Begin PBXContainerItemProxy section */
		2882D2872CADD0C100D3F88E /* PBXContainerItemProxy */ = {
			isa = PBXContainerItemProxy;
			containerPortal = 2882D2682CADD0B900D3F88E /* Project object */;
			proxyType = 1;
			remoteGlobalIDString = 2882D26F2CADD0B900D3F88E;
			remoteInfo = AdviceApp;
		};
		2882D2912CADD0C100D3F88E /* PBXContainerItemProxy */ = {
			isa = PBXContainerItemProxy;
			containerPortal = 2882D2682CADD0B900D3F88E /* Project object */;
			proxyType = 1;
			remoteGlobalIDString = 2882D26F2CADD0B900D3F88E;
			remoteInfo = AdviceApp;
		};
/* End PBXContainerItemProxy section */

/* Begin PBXFileReference section */
		2882D2702CADD0B900D3F88E /* AdviceApp.app */ = {isa = PBXFileReference; explicitFileType = wrapper.application; includeInIndex = 0; path = AdviceApp.app; sourceTree = BUILT_PRODUCTS_DIR; };
		2882D2732CADD0B900D3F88E /* AppDelegate.swift */ = {isa = PBXFileReference; lastKnownFileType = sourcecode.swift; path = AppDelegate.swift; sourceTree = "<group>"; };
		2882D2752CADD0B900D3F88E /* SceneDelegate.swift */ = {isa = PBXFileReference; lastKnownFileType = sourcecode.swift; path = SceneDelegate.swift; sourceTree = "<group>"; };
		2882D2772CADD0B900D3F88E /* ViewController.swift */ = {isa = PBXFileReference; lastKnownFileType = sourcecode.swift; path = ViewController.swift; sourceTree = "<group>"; };
		2882D27C2CADD0C000D3F88E /* Assets.xcassets */ = {isa = PBXFileReference; lastKnownFileType = folder.assetcatalog; path = Assets.xcassets; sourceTree = "<group>"; };
		2882D27F2CADD0C000D3F88E /* Base */ = {isa = PBXFileReference; lastKnownFileType = file.storyboard; name = Base; path = Base.lproj/LaunchScreen.storyboard; sourceTree = "<group>"; };
		2882D2812CADD0C000D3F88E /* Info.plist */ = {isa = PBXFileReference; lastKnownFileType = text.plist.xml; path = Info.plist; sourceTree = "<group>"; };
		2882D2862CADD0C100D3F88E /* AdviceAppTests.xctest */ = {isa = PBXFileReference; explicitFileType = wrapper.cfbundle; includeInIndex = 0; path = AdviceAppTests.xctest; sourceTree = BUILT_PRODUCTS_DIR; };
		2882D28A2CADD0C100D3F88E /* AdviceAppTests.swift */ = {isa = PBXFileReference; lastKnownFileType = sourcecode.swift; path = AdviceAppTests.swift; sourceTree = "<group>"; };
		2882D2902CADD0C100D3F88E /* AdviceAppUITests.xctest */ = {isa = PBXFileReference; explicitFileType = wrapper.cfbundle; includeInIndex = 0; path = AdviceAppUITests.xctest; sourceTree = BUILT_PRODUCTS_DIR; };
		2882D2942CADD0C100D3F88E /* AdviceAppUITests.swift */ = {isa = PBXFileReference; lastKnownFileType = sourcecode.swift; path = AdviceAppUITests.swift; sourceTree = "<group>"; };
		2882D2962CADD0C100D3F88E /* AdviceAppUITestsLaunchTests.swift */ = {isa = PBXFileReference; lastKnownFileType = sourcecode.swift; path = AdviceAppUITestsLaunchTests.swift; sourceTree = "<group>"; };
		2891138C2CB6FD1200B89F0A /* AdviceProtocols.swift */ = {isa = PBXFileReference; lastKnownFileType = sourcecode.swift; path = AdviceProtocols.swift; sourceTree = "<group>"; };
		2891138F2CB7042E00B89F0A /* AdvicePresenter.swift */ = {isa = PBXFileReference; lastKnownFileType = sourcecode.swift; path = AdvicePresenter.swift; sourceTree = "<group>"; };
		289C91162CC1755600E7F6E4 /* AdviceInteractor.swift */ = {isa = PBXFileReference; lastKnownFileType = sourcecode.swift; path = AdviceInteractor.swift; sourceTree = "<group>"; };
/* End PBXFileReference section */

/* Begin PBXFrameworksBuildPhase section */
		2882D26D2CADD0B900D3F88E /* Frameworks */ = {
			isa = PBXFrameworksBuildPhase;
			buildActionMask = 2147483647;
			files = (
			);
			runOnlyForDeploymentPostprocessing = 0;
		};
		2882D2832CADD0C100D3F88E /* Frameworks */ = {
			isa = PBXFrameworksBuildPhase;
			buildActionMask = 2147483647;
			files = (
			);
			runOnlyForDeploymentPostprocessing = 0;
		};
		2882D28D2CADD0C100D3F88E /* Frameworks */ = {
			isa = PBXFrameworksBuildPhase;
			buildActionMask = 2147483647;
			files = (
			);
			runOnlyForDeploymentPostprocessing = 0;
		};
/* End PBXFrameworksBuildPhase section */

/* Begin PBXGroup section */
		2882D2672CADD0B900D3F88E = {
			isa = PBXGroup;
			children = (
				2882D2722CADD0B900D3F88E /* AdviceApp */,
				2882D2892CADD0C100D3F88E /* AdviceAppTests */,
				2882D2932CADD0C100D3F88E /* AdviceAppUITests */,
				2882D2712CADD0B900D3F88E /* Products */,
			);
			sourceTree = "<group>";
		};
		2882D2712CADD0B900D3F88E /* Products */ = {
			isa = PBXGroup;
			children = (
				2882D2702CADD0B900D3F88E /* AdviceApp.app */,
				2882D2862CADD0C100D3F88E /* AdviceAppTests.xctest */,
				2882D2902CADD0C100D3F88E /* AdviceAppUITests.xctest */,
			);
			name = Products;
			sourceTree = "<group>";
		};
		2882D2722CADD0B900D3F88E /* AdviceApp */ = {
			isa = PBXGroup;
			children = (
				289C91152CC1754000E7F6E4 /* interactor */,
				2891138E2CB7041600B89F0A /* presenter */,
				2891138B2CB6FCEE00B89F0A /* protocols */,
				2891138A2CB6FB8100B89F0A /* view */,
				2882D2732CADD0B900D3F88E /* AppDelegate.swift */,
				2882D2752CADD0B900D3F88E /* SceneDelegate.swift */,
				2882D27C2CADD0C000D3F88E /* Assets.xcassets */,
				2882D27E2CADD0C000D3F88E /* LaunchScreen.storyboard */,
				2882D2812CADD0C000D3F88E /* Info.plist */,
			);
			path = AdviceApp;
			sourceTree = "<group>";
		};
		2882D2892CADD0C100D3F88E /* AdviceAppTests */ = {
			isa = PBXGroup;
			children = (
				2882D28A2CADD0C100D3F88E /* AdviceAppTests.swift */,
			);
			path = AdviceAppTests;
			sourceTree = "<group>";
		};
		2882D2932CADD0C100D3F88E /* AdviceAppUITests */ = {
			isa = PBXGroup;
			children = (
				2882D2942CADD0C100D3F88E /* AdviceAppUITests.swift */,
				2882D2962CADD0C100D3F88E /* AdviceAppUITestsLaunchTests.swift */,
			);
			path = AdviceAppUITests;
			sourceTree = "<group>";
		};
		2891138A2CB6FB8100B89F0A /* view */ = {
			isa = PBXGroup;
			children = (
				2882D2772CADD0B900D3F88E /* ViewController.swift */,
			);
			path = view;
			sourceTree = "<group>";
		};
		2891138B2CB6FCEE00B89F0A /* protocols */ = {
			isa = PBXGroup;
			children = (
				2891138C2CB6FD1200B89F0A /* AdviceProtocols.swift */,
			);
			path = protocols;
			sourceTree = "<group>";
		};
		2891138E2CB7041600B89F0A /* presenter */ = {
			isa = PBXGroup;
			children = (
				2891138F2CB7042E00B89F0A /* AdvicePresenter.swift */,
			);
			path = presenter;
			sourceTree = "<group>";
		};
		289C91152CC1754000E7F6E4 /* interactor */ = {
			isa = PBXGroup;
			children = (
				289C91162CC1755600E7F6E4 /* AdviceInteractor.swift */,
			);
			path = interactor;
			sourceTree = "<group>";
		};
/* End PBXGroup section */

/* Begin PBXNativeTarget section */
		2882D26F2CADD0B900D3F88E /* AdviceApp */ = {
			isa = PBXNativeTarget;
			buildConfigurationList = 2882D29A2CADD0C100D3F88E /* Build configuration list for PBXNativeTarget "AdviceApp" */;
			buildPhases = (
				2882D26C2CADD0B900D3F88E /* Sources */,
				2882D26D2CADD0B900D3F88E /* Frameworks */,
				2882D26E2CADD0B900D3F88E /* Resources */,
			);
			buildRules = (
			);
			dependencies = (
			);
			name = AdviceApp;
			productName = AdviceApp;
			productReference = 2882D2702CADD0B900D3F88E /* AdviceApp.app */;
			productType = "com.apple.product-type.application";
		};
		2882D2852CADD0C100D3F88E /* AdviceAppTests */ = {
			isa = PBXNativeTarget;
			buildConfigurationList = 2882D29D2CADD0C100D3F88E /* Build configuration list for PBXNativeTarget "AdviceAppTests" */;
			buildPhases = (
				2882D2822CADD0C100D3F88E /* Sources */,
				2882D2832CADD0C100D3F88E /* Frameworks */,
				2882D2842CADD0C100D3F88E /* Resources */,
			);
			buildRules = (
			);
			dependencies = (
				2882D2882CADD0C100D3F88E /* PBXTargetDependency */,
			);
			name = AdviceAppTests;
			productName = AdviceAppTests;
			productReference = 2882D2862CADD0C100D3F88E /* AdviceAppTests.xctest */;
			productType = "com.apple.product-type.bundle.unit-test";
		};
		2882D28F2CADD0C100D3F88E /* AdviceAppUITests */ = {
			isa = PBXNativeTarget;
			buildConfigurationList = 2882D2A02CADD0C100D3F88E /* Build configuration list for PBXNativeTarget "AdviceAppUITests" */;
			buildPhases = (
				2882D28C2CADD0C100D3F88E /* Sources */,
				2882D28D2CADD0C100D3F88E /* Frameworks */,
				2882D28E2CADD0C100D3F88E /* Resources */,
			);
			buildRules = (
			);
			dependencies = (
				2882D2922CADD0C100D3F88E /* PBXTargetDependency */,
			);
			name = AdviceAppUITests;
			productName = AdviceAppUITests;
			productReference = 2882D2902CADD0C100D3F88E /* AdviceAppUITests.xctest */;
			productType = "com.apple.product-type.bundle.ui-testing";
		};
/* End PBXNativeTarget section */

/* Begin PBXProject section */
		2882D2682CADD0B900D3F88E /* Project object */ = {
			isa = PBXProject;
			attributes = {
				BuildIndependentTargetsInParallel = 1;
				LastSwiftUpdateCheck = 1540;
				LastUpgradeCheck = 1540;
				TargetAttributes = {
					2882D26F2CADD0B900D3F88E = {
						CreatedOnToolsVersion = 15.4;
					};
					2882D2852CADD0C100D3F88E = {
						CreatedOnToolsVersion = 15.4;
						TestTargetID = 2882D26F2CADD0B900D3F88E;
					};
					2882D28F2CADD0C100D3F88E = {
						CreatedOnToolsVersion = 15.4;
						TestTargetID = 2882D26F2CADD0B900D3F88E;
					};
				};
			};
			buildConfigurationList = 2882D26B2CADD0B900D3F88E /* Build configuration list for PBXProject "AdviceApp" */;
			compatibilityVersion = "Xcode 14.0";
			developmentRegion = en;
			hasScannedForEncodings = 0;
			knownRegions = (
				en,
				Base,
			);
			mainGroup = 2882D2672CADD0B900D3F88E;
			productRefGroup = 2882D2712CADD0B900D3F88E /* Products */;
			projectDirPath = "";
			projectRoot = "";
			targets = (
				2882D26F2CADD0B900D3F88E /* AdviceApp */,
				2882D2852CADD0C100D3F88E /* AdviceAppTests */,
				2882D28F2CADD0C100D3F88E /* AdviceAppUITests */,
			);
		};
/* End PBXProject section */

/* Begin PBXResourcesBuildPhase section */
		2882D26E2CADD0B900D3F88E /* Resources */ = {
			isa = PBXResourcesBuildPhase;
			buildActionMask = 2147483647;
			files = (
				2882D27D2CADD0C000D3F88E /* Assets.xcassets in Resources */,
				2882D2802CADD0C000D3F88E /* Base in Resources */,
			);
			runOnlyForDeploymentPostprocessing = 0;
		};
		2882D2842CADD0C100D3F88E /* Resources */ = {
			isa = PBXResourcesBuildPhase;
			buildActionMask = 2147483647;
			files = (
			);
			runOnlyForDeploymentPostprocessing = 0;
		};
		2882D28E2CADD0C100D3F88E /* Resources */ = {
			isa = PBXResourcesBuildPhase;
			buildActionMask = 2147483647;
			files = (
			);
			runOnlyForDeploymentPostprocessing = 0;
		};
/* End PBXResourcesBuildPhase section */

/* Begin PBXSourcesBuildPhase section */
		2882D26C2CADD0B900D3F88E /* Sources */ = {
			isa = PBXSourcesBuildPhase;
			buildActionMask = 2147483647;
			files = (
				289C91172CC1755600E7F6E4 /* AdviceInteractor.swift in Sources */,
				289113902CB7042E00B89F0A /* AdvicePresenter.swift in Sources */,
				2882D2782CADD0B900D3F88E /* ViewController.swift in Sources */,
				2891138D2CB6FD1200B89F0A /* AdviceProtocols.swift in Sources */,
				2882D2742CADD0B900D3F88E /* AppDelegate.swift in Sources */,
				2882D2762CADD0B900D3F88E /* SceneDelegate.swift in Sources */,
			);
			runOnlyForDeploymentPostprocessing = 0;
		};
		2882D2822CADD0C100D3F88E /* Sources */ = {
			isa = PBXSourcesBuildPhase;
			buildActionMask = 2147483647;
			files = (
				2882D28B2CADD0C100D3F88E /* AdviceAppTests.swift in Sources */,
			);
			runOnlyForDeploymentPostprocessing = 0;
		};
		2882D28C2CADD0C100D3F88E /* Sources */ = {
			isa = PBXSourcesBuildPhase;
			buildActionMask = 2147483647;
			files = (
				2882D2972CADD0C100D3F88E /* AdviceAppUITestsLaunchTests.swift in Sources */,
				2882D2952CADD0C100D3F88E /* AdviceAppUITests.swift in Sources */,
			);
			runOnlyForDeploymentPostprocessing = 0;
		};
/* End PBXSourcesBuildPhase section */

/* Begin PBXTargetDependency section */
		2882D2882CADD0C100D3F88E /* PBXTargetDependency */ = {
			isa = PBXTargetDependency;
			target = 2882D26F2CADD0B900D3F88E /* AdviceApp */;
			targetProxy = 2882D2872CADD0C100D3F88E /* PBXContainerItemProxy */;
		};
		2882D2922CADD0C100D3F88E /* PBXTargetDependency */ = {
			isa = PBXTargetDependency;
			target = 2882D26F2CADD0B900D3F88E /* AdviceApp */;
			targetProxy = 2882D2912CADD0C100D3F88E /* PBXContainerItemProxy */;
		};
/* End PBXTargetDependency section */

/* Begin PBXVariantGroup section */
		2882D27E2CADD0C000D3F88E /* LaunchScreen.storyboard */ = {
			isa = PBXVariantGroup;
			children = (
				2882D27F2CADD0C000D3F88E /* Base */,
			);
			name = LaunchScreen.storyboard;
			sourceTree = "<group>";
		};
/* End PBXVariantGroup section */

/* Begin XCBuildConfiguration section */
		2882D2982CADD0C100D3F88E /* Debug */ = {
			isa = XCBuildConfiguration;
			buildSettings = {
				ALWAYS_SEARCH_USER_PATHS = NO;
				ASSETCATALOG_COMPILER_GENERATE_SWIFT_ASSET_SYMBOL_EXTENSIONS = YES;
				CLANG_ANALYZER_NONNULL = YES;
				CLANG_ANALYZER_NUMBER_OBJECT_CONVERSION = YES_AGGRESSIVE;
				CLANG_CXX_LANGUAGE_STANDARD = "gnu++20";
				CLANG_ENABLE_MODULES = YES;
				CLANG_ENABLE_OBJC_ARC = YES;
				CLANG_ENABLE_OBJC_WEAK = YES;
				CLANG_WARN_BLOCK_CAPTURE_AUTORELEASING = YES;
				CLANG_WARN_BOOL_CONVERSION = YES;
				CLANG_WARN_COMMA = YES;
				CLANG_WARN_CONSTANT_CONVERSION = YES;
				CLANG_WARN_DEPRECATED_OBJC_IMPLEMENTATIONS = YES;
				CLANG_WARN_DIRECT_OBJC_ISA_USAGE = YES_ERROR;
				CLANG_WARN_DOCUMENTATION_COMMENTS = YES;
				CLANG_WARN_EMPTY_BODY = YES;
				CLANG_WARN_ENUM_CONVERSION = YES;
				CLANG_WARN_INFINITE_RECURSION = YES;
				CLANG_WARN_INT_CONVERSION = YES;
				CLANG_WARN_NON_LITERAL_NULL_CONVERSION = YES;
				CLANG_WARN_OBJC_IMPLICIT_RETAIN_SELF = YES;
				CLANG_WARN_OBJC_LITERAL_CONVERSION = YES;
				CLANG_WARN_OBJC_ROOT_CLASS = YES_ERROR;
				CLANG_WARN_QUOTED_INCLUDE_IN_FRAMEWORK_HEADER = YES;
				CLANG_WARN_RANGE_LOOP_ANALYSIS = YES;
				CLANG_WARN_STRICT_PROTOTYPES = YES;
				CLANG_WARN_SUSPICIOUS_MOVE = YES;
				CLANG_WARN_UNGUARDED_AVAILABILITY = YES_AGGRESSIVE;
				CLANG_WARN_UNREACHABLE_CODE = YES;
				CLANG_WARN__DUPLICATE_METHOD_MATCH = YES;
				COPY_PHASE_STRIP = NO;
				DEBUG_INFORMATION_FORMAT = dwarf;
				ENABLE_STRICT_OBJC_MSGSEND = YES;
				ENABLE_TESTABILITY = YES;
				ENABLE_USER_SCRIPT_SANDBOXING = YES;
				GCC_C_LANGUAGE_STANDARD = gnu17;
				GCC_DYNAMIC_NO_PIC = NO;
				GCC_NO_COMMON_BLOCKS = YES;
				GCC_OPTIMIZATION_LEVEL = 0;
				GCC_PREPROCESSOR_DEFINITIONS = (
					"DEBUG=1",
					"$(inherited)",
				);
				GCC_WARN_64_TO_32_BIT_CONVERSION = YES;
				GCC_WARN_ABOUT_RETURN_TYPE = YES_ERROR;
				GCC_WARN_UNDECLARED_SELECTOR = YES;
				GCC_WARN_UNINITIALIZED_AUTOS = YES_AGGRESSIVE;
				GCC_WARN_UNUSED_FUNCTION = YES;
				GCC_WARN_UNUSED_VARIABLE = YES;
				IPHONEOS_DEPLOYMENT_TARGET = 17.5;
				LOCALIZATION_PREFERS_STRING_CATALOGS = YES;
				MTL_ENABLE_DEBUG_INFO = INCLUDE_SOURCE;
				MTL_FAST_MATH = YES;
				ONLY_ACTIVE_ARCH = YES;
				SDKROOT = iphoneos;
				SWIFT_ACTIVE_COMPILATION_CONDITIONS = "DEBUG $(inherited)";
				SWIFT_OPTIMIZATION_LEVEL = "-Onone";
			};
			name = Debug;
		};
		2882D2992CADD0C100D3F88E /* Release */ = {
			isa = XCBuildConfiguration;
			buildSettings = {
				ALWAYS_SEARCH_USER_PATHS = NO;
				ASSETCATALOG_COMPILER_GENERATE_SWIFT_ASSET_SYMBOL_EXTENSIONS = YES;
				CLANG_ANALYZER_NONNULL = YES;
				CLANG_ANALYZER_NUMBER_OBJECT_CONVERSION = YES_AGGRESSIVE;
				CLANG_CXX_LANGUAGE_STANDARD = "gnu++20";
				CLANG_ENABLE_MODULES = YES;
				CLANG_ENABLE_OBJC_ARC = YES;
				CLANG_ENABLE_OBJC_WEAK = YES;
				CLANG_WARN_BLOCK_CAPTURE_AUTORELEASING = YES;
				CLANG_WARN_BOOL_CONVERSION = YES;
				CLANG_WARN_COMMA = YES;
				CLANG_WARN_CONSTANT_CONVERSION = YES;
				CLANG_WARN_DEPRECATED_OBJC_IMPLEMENTATIONS = YES;
				CLANG_WARN_DIRECT_OBJC_ISA_USAGE = YES_ERROR;
				CLANG_WARN_DOCUMENTATION_COMMENTS = YES;
				CLANG_WARN_EMPTY_BODY = YES;
				CLANG_WARN_ENUM_CONVERSION = YES;
				CLANG_WARN_INFINITE_RECURSION = YES;
				CLANG_WARN_INT_CONVERSION = YES;
				CLANG_WARN_NON_LITERAL_NULL_CONVERSION = YES;
				CLANG_WARN_OBJC_IMPLICIT_RETAIN_SELF = YES;
				CLANG_WARN_OBJC_LITERAL_CONVERSION = YES;
				CLANG_WARN_OBJC_ROOT_CLASS = YES_ERROR;
				CLANG_WARN_QUOTED_INCLUDE_IN_FRAMEWORK_HEADER = YES;
				CLANG_WARN_RANGE_LOOP_ANALYSIS = YES;
				CLANG_WARN_STRICT_PROTOTYPES = YES;
				CLANG_WARN_SUSPICIOUS_MOVE = YES;
				CLANG_WARN_UNGUARDED_AVAILABILITY = YES_AGGRESSIVE;
				CLANG_WARN_UNREACHABLE_CODE = YES;
				CLANG_WARN__DUPLICATE_METHOD_MATCH = YES;
				COPY_PHASE_STRIP = NO;
				DEBUG_INFORMATION_FORMAT = "dwarf-with-dsym";
				ENABLE_NS_ASSERTIONS = NO;
				ENABLE_STRICT_OBJC_MSGSEND = YES;
				ENABLE_USER_SCRIPT_SANDBOXING = YES;
				GCC_C_LANGUAGE_STANDARD = gnu17;
				GCC_NO_COMMON_BLOCKS = YES;
				GCC_WARN_64_TO_32_BIT_CONVERSION = YES;
				GCC_WARN_ABOUT_RETURN_TYPE = YES_ERROR;
				GCC_WARN_UNDECLARED_SELECTOR = YES;
				GCC_WARN_UNINITIALIZED_AUTOS = YES_AGGRESSIVE;
				GCC_WARN_UNUSED_FUNCTION = YES;
				GCC_WARN_UNUSED_VARIABLE = YES;
				IPHONEOS_DEPLOYMENT_TARGET = 17.5;
				LOCALIZATION_PREFERS_STRING_CATALOGS = YES;
				MTL_ENABLE_DEBUG_INFO = NO;
				MTL_FAST_MATH = YES;
				SDKROOT = iphoneos;
				SWIFT_COMPILATION_MODE = wholemodule;
				VALIDATE_PRODUCT = YES;
			};
			name = Release;
		};
		2882D29B2CADD0C100D3F88E /* Debug */ = {
			isa = XCBuildConfiguration;
			buildSettings = {
				ASSETCATALOG_COMPILER_APPICON_NAME = AppIcon;
				ASSETCATALOG_COMPILER_GLOBAL_ACCENT_COLOR_NAME = AccentColor;
				CODE_SIGN_STYLE = Automatic;
				CURRENT_PROJECT_VERSION = 1;
				GENERATE_INFOPLIST_FILE = YES;
				INFOPLIST_FILE = AdviceApp/Info.plist;
				INFOPLIST_KEY_UIApplicationSupportsIndirectInputEvents = YES;
				INFOPLIST_KEY_UILaunchStoryboardName = LaunchScreen;
				INFOPLIST_KEY_UIMainStoryboardFile = "";
				INFOPLIST_KEY_UISupportedInterfaceOrientations_iPad = "UIInterfaceOrientationPortrait UIInterfaceOrientationPortraitUpsideDown UIInterfaceOrientationLandscapeLeft UIInterfaceOrientationLandscapeRight";
				INFOPLIST_KEY_UISupportedInterfaceOrientations_iPhone = "UIInterfaceOrientationPortrait UIInterfaceOrientationLandscapeLeft UIInterfaceOrientationLandscapeRight";
				LD_RUNPATH_SEARCH_PATHS = (
					"$(inherited)",
					"@executable_path/Frameworks",
				);
				MARKETING_VERSION = 1.0;
				PRODUCT_BUNDLE_IDENTIFIER = "com.iam-anna.AdviceApp";
				PRODUCT_NAME = "$(TARGET_NAME)";
				SWIFT_EMIT_LOC_STRINGS = YES;
				SWIFT_VERSION = 5.0;
				TARGETED_DEVICE_FAMILY = "1,2";
			};
			name = Debug;
		};
		2882D29C2CADD0C100D3F88E /* Release */ = {
			isa = XCBuildConfiguration;
			buildSettings = {
				ASSETCATALOG_COMPILER_APPICON_NAME = AppIcon;
				ASSETCATALOG_COMPILER_GLOBAL_ACCENT_COLOR_NAME = AccentColor;
				CODE_SIGN_STYLE = Automatic;
				CURRENT_PROJECT_VERSION = 1;
				GENERATE_INFOPLIST_FILE = YES;
				INFOPLIST_FILE = AdviceApp/Info.plist;
				INFOPLIST_KEY_UIApplicationSupportsIndirectInputEvents = YES;
				INFOPLIST_KEY_UILaunchStoryboardName = LaunchScreen;
				INFOPLIST_KEY_UIMainStoryboardFile = "";
				INFOPLIST_KEY_UISupportedInterfaceOrientations_iPad = "UIInterfaceOrientationPortrait UIInterfaceOrientationPortraitUpsideDown UIInterfaceOrientationLandscapeLeft UIInterfaceOrientationLandscapeRight";
				INFOPLIST_KEY_UISupportedInterfaceOrientations_iPhone = "UIInterfaceOrientationPortrait UIInterfaceOrientationLandscapeLeft UIInterfaceOrientationLandscapeRight";
				LD_RUNPATH_SEARCH_PATHS = (
					"$(inherited)",
					"@executable_path/Frameworks",
				);
				MARKETING_VERSION = 1.0;
				PRODUCT_BUNDLE_IDENTIFIER = "com.iam-anna.AdviceApp";
				PRODUCT_NAME = "$(TARGET_NAME)";
				SWIFT_EMIT_LOC_STRINGS = YES;
				SWIFT_VERSION = 5.0;
				TARGETED_DEVICE_FAMILY = "1,2";
			};
			name = Release;
		};
		2882D29E2CADD0C100D3F88E /* Debug */ = {
			isa = XCBuildConfiguration;
			buildSettings = {
				ALWAYS_EMBED_SWIFT_STANDARD_LIBRARIES = YES;
				BUNDLE_LOADER = "$(TEST_HOST)";
				CODE_SIGN_STYLE = Automatic;
				CURRENT_PROJECT_VERSION = 1;
				GENERATE_INFOPLIST_FILE = YES;
				IPHONEOS_DEPLOYMENT_TARGET = 17.5;
				MARKETING_VERSION = 1.0;
				PRODUCT_BUNDLE_IDENTIFIER = "com.iam-anna.AdviceAppTests";
				PRODUCT_NAME = "$(TARGET_NAME)";
				SWIFT_EMIT_LOC_STRINGS = NO;
				SWIFT_VERSION = 5.0;
				TARGETED_DEVICE_FAMILY = "1,2";
				TEST_HOST = "$(BUILT_PRODUCTS_DIR)/AdviceApp.app/$(BUNDLE_EXECUTABLE_FOLDER_PATH)/AdviceApp";
			};
			name = Debug;
		};
		2882D29F2CADD0C100D3F88E /* Release */ = {
			isa = XCBuildConfiguration;
			buildSettings = {
				ALWAYS_EMBED_SWIFT_STANDARD_LIBRARIES = YES;
				BUNDLE_LOADER = "$(TEST_HOST)";
				CODE_SIGN_STYLE = Automatic;
				CURRENT_PROJECT_VERSION = 1;
				GENERATE_INFOPLIST_FILE = YES;
				IPHONEOS_DEPLOYMENT_TARGET = 17.5;
				MARKETING_VERSION = 1.0;
				PRODUCT_BUNDLE_IDENTIFIER = "com.iam-anna.AdviceAppTests";
				PRODUCT_NAME = "$(TARGET_NAME)";
				SWIFT_EMIT_LOC_STRINGS = NO;
				SWIFT_VERSION = 5.0;
				TARGETED_DEVICE_FAMILY = "1,2";
				TEST_HOST = "$(BUILT_PRODUCTS_DIR)/AdviceApp.app/$(BUNDLE_EXECUTABLE_FOLDER_PATH)/AdviceApp";
			};
			name = Release;
		};
		2882D2A12CADD0C100D3F88E /* Debug */ = {
			isa = XCBuildConfiguration;
			buildSettings = {
				ALWAYS_EMBED_SWIFT_STANDARD_LIBRARIES = YES;
				CODE_SIGN_STYLE = Automatic;
				CURRENT_PROJECT_VERSION = 1;
				GENERATE_INFOPLIST_FILE = YES;
				MARKETING_VERSION = 1.0;
				PRODUCT_BUNDLE_IDENTIFIER = "com.iam-anna.AdviceAppUITests";
				PRODUCT_NAME = "$(TARGET_NAME)";
				SWIFT_EMIT_LOC_STRINGS = NO;
				SWIFT_VERSION = 5.0;
				TARGETED_DEVICE_FAMILY = "1,2";
				TEST_TARGET_NAME = AdviceApp;
			};
			name = Debug;
		};
		2882D2A22CADD0C100D3F88E /* Release */ = {
			isa = XCBuildConfiguration;
			buildSettings = {
				ALWAYS_EMBED_SWIFT_STANDARD_LIBRARIES = YES;
				CODE_SIGN_STYLE = Automatic;
				CURRENT_PROJECT_VERSION = 1;
				GENERATE_INFOPLIST_FILE = YES;
				MARKETING_VERSION = 1.0;
				PRODUCT_BUNDLE_IDENTIFIER = "com.iam-anna.AdviceAppUITests";
				PRODUCT_NAME = "$(TARGET_NAME)";
				SWIFT_EMIT_LOC_STRINGS = NO;
				SWIFT_VERSION = 5.0;
				TARGETED_DEVICE_FAMILY = "1,2";
				TEST_TARGET_NAME = AdviceApp;
			};
			name = Release;
		};
/* End XCBuildConfiguration section */

/* Begin XCConfigurationList section */
		2882D26B2CADD0B900D3F88E /* Build configuration list for PBXProject "AdviceApp" */ = {
			isa = XCConfigurationList;
			buildConfigurations = (
				2882D2982CADD0C100D3F88E /* Debug */,
				2882D2992CADD0C100D3F88E /* Release */,
			);
			defaultConfigurationIsVisible = 0;
			defaultConfigurationName = Release;
		};
		2882D29A2CADD0C100D3F88E /* Build configuration list for PBXNativeTarget "AdviceApp" */ = {
			isa = XCConfigurationList;
			buildConfigurations = (
				2882D29B2CADD0C100D3F88E /* Debug */,
				2882D29C2CADD0C100D3F88E /* Release */,
			);
			defaultConfigurationIsVisible = 0;
			defaultConfigurationName = Release;
		};
		2882D29D2CADD0C100D3F88E /* Build configuration list for PBXNativeTarget "AdviceAppTests" */ = {
			isa = XCConfigurationList;
			buildConfigurations = (
				2882D29E2CADD0C100D3F88E /* Debug */,
				2882D29F2CADD0C100D3F88E /* Release */,
			);
			defaultConfigurationIsVisible = 0;
			defaultConfigurationName = Release;
		};
		2882D2A02CADD0C100D3F88E /* Build configuration list for PBXNativeTarget "AdviceAppUITests" */ = {
			isa = XCConfigurationList;
			buildConfigurations = (
				2882D2A12CADD0C100D3F88E /* Debug */,
				2882D2A22CADD0C100D3F88E /* Release */,
			);
			defaultConfigurationIsVisible = 0;
			defaultConfigurationName = Release;
		};
/* End XCConfigurationList section */
	};
	rootObject = 2882D2682CADD0B900D3F88E /* Project object */;
}
